// !$*UTF8*$!
{
	archiveVersion = 1;
	classes = {
	};
	objectVersion = 77;
	objects = {

/* Begin PBXBuildFile section */
		0F9593B72D09F70B00F821B0 /* SQLite in Frameworks */ = {isa = PBXBuildFile; productRef = 0F9593B62D09F70B00F821B0 /* SQLite */; };
		0FCA7B2A2CD9713700AE26E4 /* .gitignore in Resources */ = {isa = PBXBuildFile; fileRef = 0FCA7B292CD9712B00AE26E4 /* .gitignore */; };
/* End PBXBuildFile section */

/* Begin PBXContainerItemProxy section */
		0F7DC52E2CB12BD0005F928A /* PBXContainerItemProxy */ = {
			isa = PBXContainerItemProxy;
			containerPortal = 0F4BF6442CA602C200AD34C7 /* Project object */;
			proxyType = 1;
			remoteGlobalIDString = 0F4BF64B2CA602C200AD34C7;
			remoteInfo = MZBar;
		};
/* End PBXContainerItemProxy section */

/* Begin PBXCopyFilesBuildPhase section */
		0F0797A32CAC218100BB908D /* Embed Foundation Extensions */ = {
			isa = PBXCopyFilesBuildPhase;
			buildActionMask = 2147483647;
			dstPath = "";
			dstSubfolderSpec = 13;
			files = (
			);
			name = "Embed Foundation Extensions";
			runOnlyForDeploymentPostprocessing = 0;
		};
/* End PBXCopyFilesBuildPhase section */

/* Begin PBXFileReference section */
		0F4BF64C2CA602C200AD34C7 /* MZBar.app */ = {isa = PBXFileReference; explicitFileType = wrapper.application; includeInIndex = 0; path = MZBar.app; sourceTree = BUILT_PRODUCTS_DIR; };
		0F4F13FE2CF9BA670035061B /* Quartz.framework */ = {isa = PBXFileReference; lastKnownFileType = wrapper.framework; name = Quartz.framework; path = System/Library/Frameworks/Quartz.framework; sourceTree = SDKROOT; };
		0F7DC52A2CB12BD0005F928A /* MZBarTests2.xctest */ = {isa = PBXFileReference; explicitFileType = wrapper.cfbundle; includeInIndex = 0; path = MZBarTests2.xctest; sourceTree = BUILT_PRODUCTS_DIR; };
		0FCA7B292CD9712B00AE26E4 /* .gitignore */ = {isa = PBXFileReference; lastKnownFileType = text; path = .gitignore; sourceTree = "<group>"; };
		0FE71CC42CFA0C9D00FD28CF /* constants.swift */ = {isa = PBXFileReference; lastKnownFileType = sourcecode.swift; path = constants.swift; sourceTree = "<group>"; };
		0FE71CC52CFA0C9D00FD28CF /* DensityConfig.swift */ = {isa = PBXFileReference; lastKnownFileType = sourcecode.swift; path = DensityConfig.swift; sourceTree = "<group>"; };
		0FE71CC62CFA0C9D00FD28CF /* MosaicGeneratorConfig.swift */ = {isa = PBXFileReference; lastKnownFileType = sourcecode.swift; path = MosaicGeneratorConfig.swift; sourceTree = "<group>"; };
		0FE71CC72CFA0C9D00FD28CF /* ProcessingConfiguration.swift */ = {isa = PBXFileReference; lastKnownFileType = sourcecode.swift; path = ProcessingConfiguration.swift; sourceTree = "<group>"; };
		0FE71CC92CFA0C9D00FD28CF /* Enums.swift */ = {isa = PBXFileReference; lastKnownFileType = sourcecode.swift; path = Enums.swift; sourceTree = "<group>"; };
		0FE71CCB2CFA0C9D00FD28CF /* CancellationManager.swift */ = {isa = PBXFileReference; lastKnownFileType = sourcecode.swift; path = CancellationManager.swift; sourceTree = "<group>"; };
		0FE71CCD2CFA0C9D00FD28CF /* MosaicLayout.swift */ = {isa = PBXFileReference; lastKnownFileType = sourcecode.swift; path = MosaicLayout.swift; sourceTree = "<group>"; };
		0FE71CCE2CFA0C9D00FD28CF /* ProgressInfo.swift */ = {isa = PBXFileReference; lastKnownFileType = sourcecode.swift; path = ProgressInfo.swift; sourceTree = "<group>"; };
		0FE71CCF2CFA0C9D00FD28CF /* VideoMetadata.swift */ = {isa = PBXFileReference; lastKnownFileType = sourcecode.swift; path = VideoMetadata.swift; sourceTree = "<group>"; };
		0FE71CD12CFA0C9D00FD28CF /* ProcessingPipeline.swift */ = {isa = PBXFileReference; lastKnownFileType = sourcecode.swift; path = ProcessingPipeline.swift; sourceTree = "<group>"; };
		0FE71CD32CFA0C9D00FD28CF /* Protocols.swift */ = {isa = PBXFileReference; lastKnownFileType = sourcecode.swift; path = Protocols.swift; sourceTree = "<group>"; };
		0FE71CD62CFA0C9D00FD28CF /* ExportManager.swift */ = {isa = PBXFileReference; lastKnownFileType = sourcecode.swift; path = ExportManager.swift; sourceTree = "<group>"; };
		0FE71CD72CFA0C9D00FD28CF /* GenerationCoordinator.swift */ = {isa = PBXFileReference; lastKnownFileType = sourcecode.swift; path = GenerationCoordinator.swift; sourceTree = "<group>"; };
		0FE71CD82CFA0C9D00FD28CF /* MosaicGenerator.swift */ = {isa = PBXFileReference; lastKnownFileType = sourcecode.swift; path = MosaicGenerator.swift; sourceTree = "<group>"; };
		0FE71CD92CFA0C9D00FD28CF /* PlaylistGenerator.swift */ = {isa = PBXFileReference; lastKnownFileType = sourcecode.swift; path = PlaylistGenerator.swift; sourceTree = "<group>"; };
		0FE71CDA2CFA0C9D00FD28CF /* PreviewGenerator.swift */ = {isa = PBXFileReference; lastKnownFileType = sourcecode.swift; path = PreviewGenerator.swift; sourceTree = "<group>"; };
		0FE71CDB2CFA0C9D00FD28CF /* SceneDetector.swift */ = {isa = PBXFileReference; lastKnownFileType = sourcecode.swift; path = SceneDetector.swift; sourceTree = "<group>"; };
		0FE71CDD2CFA0C9D00FD28CF /* LayoutProcessor.swift */ = {isa = PBXFileReference; lastKnownFileType = sourcecode.swift; path = LayoutProcessor.swift; sourceTree = "<group>"; };
		0FE71CDE2CFA0C9D00FD28CF /* ThumbnailProcessor.swift */ = {isa = PBXFileReference; lastKnownFileType = sourcecode.swift; path = ThumbnailProcessor.swift; sourceTree = "<group>"; };
		0FE71CDF2CFA0C9D00FD28CF /* VideoProcessor.swift */ = {isa = PBXFileReference; lastKnownFileType = sourcecode.swift; path = VideoProcessor.swift; sourceTree = "<group>"; };
		0FE71CE12CFA0C9D00FD28CF /* Signposted.swift */ = {isa = PBXFileReference; lastKnownFileType = sourcecode.swift; path = Signposted.swift; sourceTree = "<group>"; };
		0FE71CE22CFA0C9D00FD28CF /* Utilities.swift */ = {isa = PBXFileReference; lastKnownFileType = sourcecode.swift; path = Utilities.swift; sourceTree = "<group>"; };
		0FE71CE52CFA0C9D00FD28CF /* Preview Assets.xcassets */ = {isa = PBXFileReference; lastKnownFileType = folder.assetcatalog; path = "Preview Assets.xcassets"; sourceTree = "<group>"; };
		0FE71CE72CFA0C9D00FD28CF /* MosaicCache.swift */ = {isa = PBXFileReference; lastKnownFileType = sourcecode.swift; path = MosaicCache.swift; sourceTree = "<group>"; };
		0FE71CE82CFA0C9D00FD28CF /* PreviewViewController.swift */ = {isa = PBXFileReference; lastKnownFileType = sourcecode.swift; path = PreviewViewController.swift; sourceTree = "<group>"; };
		0FE71CEA2CFA0C9D00FD28CF /* MosaicServiceHandler.swift */ = {isa = PBXFileReference; lastKnownFileType = sourcecode.swift; path = MosaicServiceHandler.swift; sourceTree = "<group>"; };
		0FE71CEC2CFA0C9D00FD28CF /* SettingsCard.swift */ = {isa = PBXFileReference; lastKnownFileType = sourcecode.swift; path = SettingsCard.swift; sourceTree = "<group>"; };
		0FE71CEE2CFA0C9D00FD28CF /* ContentView.swift */ = {isa = PBXFileReference; lastKnownFileType = sourcecode.swift; path = ContentView.swift; sourceTree = "<group>"; };
		0FE71CEF2CFA0C9D00FD28CF /* MosaicViewModel.swift */ = {isa = PBXFileReference; lastKnownFileType = sourcecode.swift; path = MosaicViewModel.swift; sourceTree = "<group>"; };
		0FE71CF02CFA0C9D00FD28CF /* MZBarApp.swift */ = {isa = PBXFileReference; lastKnownFileType = sourcecode.swift; path = MZBarApp.swift; sourceTree = "<group>"; };
		0FE71CF22CFA0C9D00FD28CF /* AppTheme.swift */ = {isa = PBXFileReference; lastKnownFileType = sourcecode.swift; path = AppTheme.swift; sourceTree = "<group>"; };
		0FE71CF32CFA0C9D00FD28CF /* Assets.xcassets */ = {isa = PBXFileReference; lastKnownFileType = folder.assetcatalog; path = Assets.xcassets; sourceTree = "<group>"; };
		0FE71CF42CFA0C9D00FD28CF /* Info.plist */ = {isa = PBXFileReference; lastKnownFileType = text.plist.xml; path = Info.plist; sourceTree = "<group>"; };
		0FE71CF52CFA0C9D00FD28CF /* MZBar.entitlements */ = {isa = PBXFileReference; lastKnownFileType = text.plist.entitlements; path = MZBar.entitlements; sourceTree = "<group>"; };
/* End PBXFileReference section */

/* Begin PBXFileSystemSynchronizedBuildFileExceptionSet section */
		0F479DAE2CAECABE00AB5E38 /* Exceptions for "MZBar" folder in "MZBar" target */ = {
			isa = PBXFileSystemSynchronizedBuildFileExceptionSet;
			membershipExceptions = (
				Info.plist,
			);
			target = 0F4BF64B2CA602C200AD34C7 /* MZBar */;
		};
/* End PBXFileSystemSynchronizedBuildFileExceptionSet section */

/* Begin PBXFileSystemSynchronizedRootGroup section */
		0F4BF64E2CA602C200AD34C7 /* MZBar */ = {
			isa = PBXFileSystemSynchronizedRootGroup;
			exceptions = (
				0F479DAE2CAECABE00AB5E38 /* Exceptions for "MZBar" folder in "MZBar" target */,
			);
			path = MZBar;
			sourceTree = "<group>";
		};
		0F7DC52B2CB12BD0005F928A /* MZBarTests2 */ = {
			isa = PBXFileSystemSynchronizedRootGroup;
			path = MZBarTests2;
			sourceTree = "<group>";
		};
/* End PBXFileSystemSynchronizedRootGroup section */

/* Begin PBXFrameworksBuildPhase section */
		0F4BF6492CA602C200AD34C7 /* Frameworks */ = {
			isa = PBXFrameworksBuildPhase;
			buildActionMask = 2147483647;
			files = (
				0F9593B72D09F70B00F821B0 /* SQLite in Frameworks */,
			);
			runOnlyForDeploymentPostprocessing = 0;
		};
		0F7DC5272CB12BD0005F928A /* Frameworks */ = {
			isa = PBXFrameworksBuildPhase;
			buildActionMask = 2147483647;
			files = (
			);
			runOnlyForDeploymentPostprocessing = 0;
		};
/* End PBXFrameworksBuildPhase section */

/* Begin PBXGroup section */
		0F4BF6432CA602C200AD34C7 = {
			isa = PBXGroup;
			children = (
				0FCA7B292CD9712B00AE26E4 /* .gitignore */,
				0F4BF64E2CA602C200AD34C7 /* MZBar */,
				0F7DC52B2CB12BD0005F928A /* MZBarTests2 */,
				0F4F13FD2CF9BA670035061B /* Frameworks */,
				0F4BF64D2CA602C200AD34C7 /* Products */,
			);
			sourceTree = "<group>";
		};
		0F4BF64D2CA602C200AD34C7 /* Products */ = {
			isa = PBXGroup;
			children = (
				0F4BF64C2CA602C200AD34C7 /* MZBar.app */,
				0F7DC52A2CB12BD0005F928A /* MZBarTests2.xctest */,
			);
			name = Products;
			sourceTree = "<group>";
		};
		0F4F13FD2CF9BA670035061B /* Frameworks */ = {
			isa = PBXGroup;
			children = (
				0FE71CF62CFA0C9D00FD28CF /* MZBar */,
				0F4F13FE2CF9BA670035061B /* Quartz.framework */,
			);
			name = Frameworks;
			sourceTree = "<group>";
		};
		0FE71CC82CFA0C9D00FD28CF /* Configuration */ = {
			isa = PBXGroup;
			children = (
				0FE71CC42CFA0C9D00FD28CF /* constants.swift */,
				0FE71CC52CFA0C9D00FD28CF /* DensityConfig.swift */,
				0FE71CC62CFA0C9D00FD28CF /* MosaicGeneratorConfig.swift */,
				0FE71CC72CFA0C9D00FD28CF /* ProcessingConfiguration.swift */,
			);
			path = Configuration;
			sourceTree = "<group>";
		};
		0FE71CCA2CFA0C9D00FD28CF /* Enums */ = {
			isa = PBXGroup;
			children = (
				0FE71CC92CFA0C9D00FD28CF /* Enums.swift */,
			);
			path = Enums;
			sourceTree = "<group>";
		};
		0FE71CCC2CFA0C9D00FD28CF /* Managers */ = {
			isa = PBXGroup;
			children = (
				0FE71CCB2CFA0C9D00FD28CF /* CancellationManager.swift */,
			);
			path = Managers;
			sourceTree = "<group>";
		};
		0FE71CD02CFA0C9D00FD28CF /* Models */ = {
			isa = PBXGroup;
			children = (
				0FE71CCD2CFA0C9D00FD28CF /* MosaicLayout.swift */,
				0FE71CCE2CFA0C9D00FD28CF /* ProgressInfo.swift */,
				0FE71CCF2CFA0C9D00FD28CF /* VideoMetadata.swift */,
			);
			path = Models;
			sourceTree = "<group>";
		};
		0FE71CD22CFA0C9D00FD28CF /* MosaicPipeline */ = {
			isa = PBXGroup;
			children = (
				0FE71CD12CFA0C9D00FD28CF /* ProcessingPipeline.swift */,
			);
			path = MosaicPipeline;
			sourceTree = "<group>";
		};
		0FE71CD42CFA0C9D00FD28CF /* Protocols */ = {
			isa = PBXGroup;
			children = (
				0FE71CD32CFA0C9D00FD28CF /* Protocols.swift */,
			);
			path = Protocols;
			sourceTree = "<group>";
		};
		0FE71CD52CFA0C9D00FD28CF /* MosaicCore */ = {
			isa = PBXGroup;
			children = (
				0FE71CC82CFA0C9D00FD28CF /* Configuration */,
				0FE71CCA2CFA0C9D00FD28CF /* Enums */,
				0FE71CCC2CFA0C9D00FD28CF /* Managers */,
				0FE71CD02CFA0C9D00FD28CF /* Models */,
				0FE71CD22CFA0C9D00FD28CF /* MosaicPipeline */,
				0FE71CD42CFA0C9D00FD28CF /* Protocols */,
			);
			path = MosaicCore;
			sourceTree = "<group>";
		};
		0FE71CDC2CFA0C9D00FD28CF /* MosaicGeneration */ = {
			isa = PBXGroup;
			children = (
				0FE71CD62CFA0C9D00FD28CF /* ExportManager.swift */,
				0FE71CD72CFA0C9D00FD28CF /* GenerationCoordinator.swift */,
				0FE71CD82CFA0C9D00FD28CF /* MosaicGenerator.swift */,
				0FE71CD92CFA0C9D00FD28CF /* PlaylistGenerator.swift */,
				0FE71CDA2CFA0C9D00FD28CF /* PreviewGenerator.swift */,
				0FE71CDB2CFA0C9D00FD28CF /* SceneDetector.swift */,
			);
			path = MosaicGeneration;
			sourceTree = "<group>";
		};
		0FE71CE02CFA0C9D00FD28CF /* MosaicProcessing */ = {
			isa = PBXGroup;
			children = (
				0FE71CDD2CFA0C9D00FD28CF /* LayoutProcessor.swift */,
				0FE71CDE2CFA0C9D00FD28CF /* ThumbnailProcessor.swift */,
				0FE71CDF2CFA0C9D00FD28CF /* VideoProcessor.swift */,
			);
			path = MosaicProcessing;
			sourceTree = "<group>";
		};
		0FE71CE32CFA0C9D00FD28CF /* Utils */ = {
			isa = PBXGroup;
			children = (
				0FE71CE12CFA0C9D00FD28CF /* Signposted.swift */,
				0FE71CE22CFA0C9D00FD28CF /* Utilities.swift */,
			);
			path = Utils;
			sourceTree = "<group>";
		};
		0FE71CE42CFA0C9D00FD28CF /* MosaicGenerator */ = {
			isa = PBXGroup;
			children = (
				0FE71CD52CFA0C9D00FD28CF /* MosaicCore */,
				0FE71CDC2CFA0C9D00FD28CF /* MosaicGeneration */,
				0FE71CE02CFA0C9D00FD28CF /* MosaicProcessing */,
				0FE71CE32CFA0C9D00FD28CF /* Utils */,
			);
			path = MosaicGenerator;
			sourceTree = "<group>";
		};
		0FE71CE62CFA0C9D00FD28CF /* Preview Content */ = {
			isa = PBXGroup;
			children = (
				0FE71CE52CFA0C9D00FD28CF /* Preview Assets.xcassets */,
			);
			path = "Preview Content";
			sourceTree = "<group>";
		};
		0FE71CE92CFA0C9D00FD28CF /* QuickLookPreview */ = {
			isa = PBXGroup;
			children = (
				0FE71CE72CFA0C9D00FD28CF /* MosaicCache.swift */,
				0FE71CE82CFA0C9D00FD28CF /* PreviewViewController.swift */,
			);
			path = QuickLookPreview;
			sourceTree = "<group>";
		};
		0FE71CEB2CFA0C9D00FD28CF /* Services */ = {
			isa = PBXGroup;
			children = (
				0FE71CEA2CFA0C9D00FD28CF /* MosaicServiceHandler.swift */,
			);
			path = Services;
			sourceTree = "<group>";
		};
		0FE71CED2CFA0C9D00FD28CF /* Components */ = {
			isa = PBXGroup;
			children = (
				0FE71CEC2CFA0C9D00FD28CF /* SettingsCard.swift */,
			);
			path = Components;
			sourceTree = "<group>";
		};
		0FE71CF12CFA0C9D00FD28CF /* UI */ = {
			isa = PBXGroup;
			children = (
				0FE71CED2CFA0C9D00FD28CF /* Components */,
				0FE71CEE2CFA0C9D00FD28CF /* ContentView.swift */,
				0FE71CEF2CFA0C9D00FD28CF /* MosaicViewModel.swift */,
				0FE71CF02CFA0C9D00FD28CF /* MZBarApp.swift */,
			);
			path = UI;
			sourceTree = "<group>";
		};
		0FE71CF62CFA0C9D00FD28CF /* MZBar */ = {
			isa = PBXGroup;
			children = (
				0FE71CE42CFA0C9D00FD28CF /* MosaicGenerator */,
				0FE71CE62CFA0C9D00FD28CF /* Preview Content */,
				0FE71CE92CFA0C9D00FD28CF /* QuickLookPreview */,
				0FE71CEB2CFA0C9D00FD28CF /* Services */,
				0FE71CF12CFA0C9D00FD28CF /* UI */,
				0FE71CF22CFA0C9D00FD28CF /* AppTheme.swift */,
				0FE71CF32CFA0C9D00FD28CF /* Assets.xcassets */,
				0FE71CF42CFA0C9D00FD28CF /* Info.plist */,
				0FE71CF52CFA0C9D00FD28CF /* MZBar.entitlements */,
			);
			path = MZBar;
			sourceTree = "<group>";
		};
/* End PBXGroup section */

/* Begin PBXNativeTarget section */
		0F4BF64B2CA602C200AD34C7 /* MZBar */ = {
			isa = PBXNativeTarget;
			buildConfigurationList = 0F4BF65B2CA602C400AD34C7 /* Build configuration list for PBXNativeTarget "MZBar" */;
			buildPhases = (
				0F4BF6482CA602C200AD34C7 /* Sources */,
				0F4BF6492CA602C200AD34C7 /* Frameworks */,
				0F4BF64A2CA602C200AD34C7 /* Resources */,
				0F0797A32CAC218100BB908D /* Embed Foundation Extensions */,
			);
			buildRules = (
			);
			dependencies = (
			);
			fileSystemSynchronizedGroups = (
				0F4BF64E2CA602C200AD34C7 /* MZBar */,
			);
			name = MZBar;
			packageProductDependencies = (
				0F9593B62D09F70B00F821B0 /* SQLite */,
			);
			productName = MZBar;
			productReference = 0F4BF64C2CA602C200AD34C7 /* MZBar.app */;
			productType = "com.apple.product-type.application";
		};
		0F7DC5292CB12BD0005F928A /* MZBarTests2 */ = {
			isa = PBXNativeTarget;
			buildConfigurationList = 0F7DC5302CB12BD0005F928A /* Build configuration list for PBXNativeTarget "MZBarTests2" */;
			buildPhases = (
				0F7DC5262CB12BD0005F928A /* Sources */,
				0F7DC5272CB12BD0005F928A /* Frameworks */,
				0F7DC5282CB12BD0005F928A /* Resources */,
			);
			buildRules = (
			);
			dependencies = (
				0F7DC52F2CB12BD0005F928A /* PBXTargetDependency */,
			);
			fileSystemSynchronizedGroups = (
				0F7DC52B2CB12BD0005F928A /* MZBarTests2 */,
			);
			name = MZBarTests2;
			packageProductDependencies = (
			);
			productName = MZBarTests2;
			productReference = 0F7DC52A2CB12BD0005F928A /* MZBarTests2.xctest */;
			productType = "com.apple.product-type.bundle.unit-test";
		};
/* End PBXNativeTarget section */

/* Begin PBXProject section */
		0F4BF6442CA602C200AD34C7 /* Project object */ = {
			isa = PBXProject;
			attributes = {
				BuildIndependentTargetsInParallel = 1;
				LastSwiftUpdateCheck = 1610;
				LastUpgradeCheck = 1600;
				TargetAttributes = {
					0F4BF64B2CA602C200AD34C7 = {
						CreatedOnToolsVersion = 16.0;
					};
					0F7DC5292CB12BD0005F928A = {
						CreatedOnToolsVersion = 16.0;
						TestTargetID = 0F4BF64B2CA602C200AD34C7;
					};
				};
			};
			buildConfigurationList = 0F4BF6472CA602C200AD34C7 /* Build configuration list for PBXProject "MZBar" */;
			developmentRegion = en;
			hasScannedForEncodings = 0;
			knownRegions = (
				en,
				Base,
			);
			mainGroup = 0F4BF6432CA602C200AD34C7;
			minimizedProjectReferenceProxies = 1;
			packageReferences = (
				0F9593B52D09F68100F821B0 /* XCRemoteSwiftPackageReference "SQLite" */,
			);
			preferredProjectObjectVersion = 77;
			productRefGroup = 0F4BF64D2CA602C200AD34C7 /* Products */;
			projectDirPath = "";
			projectRoot = "";
			targets = (
				0F4BF64B2CA602C200AD34C7 /* MZBar */,
				0F7DC5292CB12BD0005F928A /* MZBarTests2 */,
			);
		};
/* End PBXProject section */

/* Begin PBXResourcesBuildPhase section */
		0F4BF64A2CA602C200AD34C7 /* Resources */ = {
			isa = PBXResourcesBuildPhase;
			buildActionMask = 2147483647;
			files = (
				0FCA7B2A2CD9713700AE26E4 /* .gitignore in Resources */,
			);
			runOnlyForDeploymentPostprocessing = 0;
		};
		0F7DC5282CB12BD0005F928A /* Resources */ = {
			isa = PBXResourcesBuildPhase;
			buildActionMask = 2147483647;
			files = (
			);
			runOnlyForDeploymentPostprocessing = 0;
		};
/* End PBXResourcesBuildPhase section */

/* Begin PBXSourcesBuildPhase section */
		0F4BF6482CA602C200AD34C7 /* Sources */ = {
			isa = PBXSourcesBuildPhase;
			buildActionMask = 2147483647;
			files = (
			);
			runOnlyForDeploymentPostprocessing = 0;
		};
		0F7DC5262CB12BD0005F928A /* Sources */ = {
			isa = PBXSourcesBuildPhase;
			buildActionMask = 2147483647;
			files = (
			);
			runOnlyForDeploymentPostprocessing = 0;
		};
/* End PBXSourcesBuildPhase section */

/* Begin PBXTargetDependency section */
		0F7DC52F2CB12BD0005F928A /* PBXTargetDependency */ = {
			isa = PBXTargetDependency;
			target = 0F4BF64B2CA602C200AD34C7 /* MZBar */;
			targetProxy = 0F7DC52E2CB12BD0005F928A /* PBXContainerItemProxy */;
		};
/* End PBXTargetDependency section */

/* Begin XCBuildConfiguration section */
		0F4BF6592CA602C400AD34C7 /* Debug */ = {
			isa = XCBuildConfiguration;
			buildSettings = {
				ALWAYS_SEARCH_USER_PATHS = NO;
				ASSETCATALOG_COMPILER_GENERATE_SWIFT_ASSET_SYMBOL_EXTENSIONS = YES;
				CLANG_ANALYZER_NONNULL = YES;
				CLANG_ANALYZER_NUMBER_OBJECT_CONVERSION = YES_AGGRESSIVE;
				CLANG_CXX_LANGUAGE_STANDARD = "gnu++20";
				CLANG_ENABLE_MODULES = YES;
				CLANG_ENABLE_OBJC_ARC = YES;
				CLANG_ENABLE_OBJC_WEAK = YES;
				CLANG_WARN_BLOCK_CAPTURE_AUTORELEASING = YES;
				CLANG_WARN_BOOL_CONVERSION = YES;
				CLANG_WARN_COMMA = YES;
				CLANG_WARN_CONSTANT_CONVERSION = YES;
				CLANG_WARN_DEPRECATED_OBJC_IMPLEMENTATIONS = YES;
				CLANG_WARN_DIRECT_OBJC_ISA_USAGE = YES_ERROR;
				CLANG_WARN_DOCUMENTATION_COMMENTS = YES;
				CLANG_WARN_EMPTY_BODY = YES;
				CLANG_WARN_ENUM_CONVERSION = YES;
				CLANG_WARN_INFINITE_RECURSION = YES;
				CLANG_WARN_INT_CONVERSION = YES;
				CLANG_WARN_NON_LITERAL_NULL_CONVERSION = YES;
				CLANG_WARN_OBJC_IMPLICIT_RETAIN_SELF = YES;
				CLANG_WARN_OBJC_LITERAL_CONVERSION = YES;
				CLANG_WARN_OBJC_ROOT_CLASS = YES_ERROR;
				CLANG_WARN_QUOTED_INCLUDE_IN_FRAMEWORK_HEADER = YES;
				CLANG_WARN_RANGE_LOOP_ANALYSIS = YES;
				CLANG_WARN_STRICT_PROTOTYPES = YES;
				CLANG_WARN_SUSPICIOUS_MOVE = YES;
				CLANG_WARN_UNGUARDED_AVAILABILITY = YES_AGGRESSIVE;
				CLANG_WARN_UNREACHABLE_CODE = YES;
				CLANG_WARN__DUPLICATE_METHOD_MATCH = YES;
				COPY_PHASE_STRIP = NO;
				DEBUG_INFORMATION_FORMAT = dwarf;
				ENABLE_STRICT_OBJC_MSGSEND = YES;
				ENABLE_TESTABILITY = YES;
				ENABLE_USER_SCRIPT_SANDBOXING = YES;
				GCC_C_LANGUAGE_STANDARD = gnu17;
				GCC_DYNAMIC_NO_PIC = NO;
				GCC_NO_COMMON_BLOCKS = YES;
				GCC_OPTIMIZATION_LEVEL = 0;
				GCC_PREPROCESSOR_DEFINITIONS = (
					"DEBUG=1",
					"$(inherited)",
				);
				GCC_WARN_64_TO_32_BIT_CONVERSION = YES;
				GCC_WARN_ABOUT_RETURN_TYPE = YES_ERROR;
				GCC_WARN_UNDECLARED_SELECTOR = YES;
				GCC_WARN_UNINITIALIZED_AUTOS = YES_AGGRESSIVE;
				GCC_WARN_UNUSED_FUNCTION = YES;
				GCC_WARN_UNUSED_VARIABLE = YES;
				LOCALIZATION_PREFERS_STRING_CATALOGS = YES;
				MACOSX_DEPLOYMENT_TARGET = 15.0;
				MTL_ENABLE_DEBUG_INFO = INCLUDE_SOURCE;
				MTL_FAST_MATH = YES;
				ONLY_ACTIVE_ARCH = YES;
				SDKROOT = macosx;
				SWIFT_ACTIVE_COMPILATION_CONDITIONS = "DEBUG $(inherited)";
				SWIFT_OPTIMIZATION_LEVEL = "-Onone";
				SWIFT_VERSION = 5.0;
			};
			name = Debug;
		};
		0F4BF65A2CA602C400AD34C7 /* Release */ = {
			isa = XCBuildConfiguration;
			buildSettings = {
				ALWAYS_SEARCH_USER_PATHS = NO;
				ASSETCATALOG_COMPILER_GENERATE_SWIFT_ASSET_SYMBOL_EXTENSIONS = YES;
				CLANG_ANALYZER_NONNULL = YES;
				CLANG_ANALYZER_NUMBER_OBJECT_CONVERSION = YES_AGGRESSIVE;
				CLANG_CXX_LANGUAGE_STANDARD = "gnu++20";
				CLANG_ENABLE_MODULES = YES;
				CLANG_ENABLE_OBJC_ARC = YES;
				CLANG_ENABLE_OBJC_WEAK = YES;
				CLANG_WARN_BLOCK_CAPTURE_AUTORELEASING = YES;
				CLANG_WARN_BOOL_CONVERSION = YES;
				CLANG_WARN_COMMA = YES;
				CLANG_WARN_CONSTANT_CONVERSION = YES;
				CLANG_WARN_DEPRECATED_OBJC_IMPLEMENTATIONS = YES;
				CLANG_WARN_DIRECT_OBJC_ISA_USAGE = YES_ERROR;
				CLANG_WARN_DOCUMENTATION_COMMENTS = YES;
				CLANG_WARN_EMPTY_BODY = YES;
				CLANG_WARN_ENUM_CONVERSION = YES;
				CLANG_WARN_INFINITE_RECURSION = YES;
				CLANG_WARN_INT_CONVERSION = YES;
				CLANG_WARN_NON_LITERAL_NULL_CONVERSION = YES;
				CLANG_WARN_OBJC_IMPLICIT_RETAIN_SELF = YES;
				CLANG_WARN_OBJC_LITERAL_CONVERSION = YES;
				CLANG_WARN_OBJC_ROOT_CLASS = YES_ERROR;
				CLANG_WARN_QUOTED_INCLUDE_IN_FRAMEWORK_HEADER = YES;
				CLANG_WARN_RANGE_LOOP_ANALYSIS = YES;
				CLANG_WARN_STRICT_PROTOTYPES = YES;
				CLANG_WARN_SUSPICIOUS_MOVE = YES;
				CLANG_WARN_UNGUARDED_AVAILABILITY = YES_AGGRESSIVE;
				CLANG_WARN_UNREACHABLE_CODE = YES;
				CLANG_WARN__DUPLICATE_METHOD_MATCH = YES;
				COPY_PHASE_STRIP = NO;
				DEBUG_INFORMATION_FORMAT = "dwarf-with-dsym";
				ENABLE_NS_ASSERTIONS = NO;
				ENABLE_STRICT_OBJC_MSGSEND = YES;
				ENABLE_USER_SCRIPT_SANDBOXING = YES;
				GCC_C_LANGUAGE_STANDARD = gnu17;
				GCC_NO_COMMON_BLOCKS = YES;
				GCC_WARN_64_TO_32_BIT_CONVERSION = YES;
				GCC_WARN_ABOUT_RETURN_TYPE = YES_ERROR;
				GCC_WARN_UNDECLARED_SELECTOR = YES;
				GCC_WARN_UNINITIALIZED_AUTOS = YES_AGGRESSIVE;
				GCC_WARN_UNUSED_FUNCTION = YES;
				GCC_WARN_UNUSED_VARIABLE = YES;
				LOCALIZATION_PREFERS_STRING_CATALOGS = YES;
				MACOSX_DEPLOYMENT_TARGET = 15.0;
				MTL_ENABLE_DEBUG_INFO = NO;
				MTL_FAST_MATH = YES;
				SDKROOT = macosx;
				SWIFT_COMPILATION_MODE = wholemodule;
				SWIFT_VERSION = 5.0;
			};
			name = Release;
		};
		0F4BF65C2CA602C400AD34C7 /* Debug */ = {
			isa = XCBuildConfiguration;
			buildSettings = {
				ASSETCATALOG_COMPILER_APPICON_NAME = AppIcon;
				ASSETCATALOG_COMPILER_GLOBAL_ACCENT_COLOR_NAME = AccentColor;
				CODE_SIGN_ENTITLEMENTS = MZBar/MZBar.entitlements;
				"CODE_SIGN_IDENTITY[sdk=macosx*]" = "Apple Development";
				CODE_SIGN_STYLE = Automatic;
				COMBINE_HIDPI_IMAGES = YES;
				CURRENT_PROJECT_VERSION = 1;
				DEVELOPMENT_ASSET_PATHS = "\"MZBar/Preview Content\"";
				DEVELOPMENT_TEAM = 99D83P27R3;
				ENABLE_HARDENED_RUNTIME = NO;
				ENABLE_PREVIEWS = YES;
				GENERATE_INFOPLIST_FILE = YES;
				INFOPLIST_FILE = MZBar/Info.plist;
				INFOPLIST_KEY_NSHumanReadableCopyright = "";
				LD_RUNPATH_SEARCH_PATHS = (
					"$(inherited)",
					"@executable_path/../Frameworks",
				);
				MARKETING_VERSION = 1.3;
				PRODUCT_BUNDLE_IDENTIFIER = com.fd.MZBar;
				PRODUCT_NAME = "$(TARGET_NAME)";
				SWIFT_EMIT_LOC_STRINGS = YES;
				SWIFT_VERSION = 5.0;
			};
			name = Debug;
		};
		0F4BF65D2CA602C400AD34C7 /* Release */ = {
			isa = XCBuildConfiguration;
			buildSettings = {
				ASSETCATALOG_COMPILER_APPICON_NAME = AppIcon;
				ASSETCATALOG_COMPILER_GLOBAL_ACCENT_COLOR_NAME = AccentColor;
				CODE_SIGN_ENTITLEMENTS = MZBar/MZBar.entitlements;
				"CODE_SIGN_IDENTITY[sdk=macosx*]" = "Apple Development";
				CODE_SIGN_STYLE = Automatic;
				COMBINE_HIDPI_IMAGES = YES;
				CURRENT_PROJECT_VERSION = 1;
				DEVELOPMENT_ASSET_PATHS = "\"MZBar/Preview Content\"";
				DEVELOPMENT_TEAM = 99D83P27R3;
				ENABLE_HARDENED_RUNTIME = NO;
				ENABLE_PREVIEWS = YES;
				GENERATE_INFOPLIST_FILE = YES;
				INFOPLIST_FILE = MZBar/Info.plist;
				INFOPLIST_KEY_NSHumanReadableCopyright = "";
				LD_RUNPATH_SEARCH_PATHS = (
					"$(inherited)",
					"@executable_path/../Frameworks",
				);
				MARKETING_VERSION = 1.3;
				PRODUCT_BUNDLE_IDENTIFIER = com.fd.MZBar;
				PRODUCT_NAME = "$(TARGET_NAME)";
				SWIFT_EMIT_LOC_STRINGS = YES;
				SWIFT_VERSION = 5.0;
			};
			name = Release;
		};
		0F7DC5312CB12BD0005F928A /* Debug */ = {
			isa = XCBuildConfiguration;
			buildSettings = {
				BUNDLE_LOADER = "$(TEST_HOST)";
				CODE_SIGN_STYLE = Automatic;
				CURRENT_PROJECT_VERSION = 1;
				DEVELOPMENT_TEAM = 99D83P27R3;
				GENERATE_INFOPLIST_FILE = YES;
				MARKETING_VERSION = 1.0;
				PRODUCT_BUNDLE_IDENTIFIER = com.fd.MZBarTests2;
				PRODUCT_NAME = "$(TARGET_NAME)";
				SWIFT_EMIT_LOC_STRINGS = NO;
				SWIFT_VERSION = 5.0;
				TEST_HOST = "$(BUILT_PRODUCTS_DIR)/MZBar.app/$(BUNDLE_EXECUTABLE_FOLDER_PATH)/MZBar";
			};
			name = Debug;
		};
		0F7DC5322CB12BD0005F928A /* Release */ = {
			isa = XCBuildConfiguration;
			buildSettings = {
				BUNDLE_LOADER = "$(TEST_HOST)";
				CODE_SIGN_STYLE = Automatic;
				CURRENT_PROJECT_VERSION = 1;
				DEVELOPMENT_TEAM = 99D83P27R3;
				GENERATE_INFOPLIST_FILE = YES;
				MARKETING_VERSION = 1.0;
				PRODUCT_BUNDLE_IDENTIFIER = com.fd.MZBarTests2;
				PRODUCT_NAME = "$(TARGET_NAME)";
				SWIFT_EMIT_LOC_STRINGS = NO;
				SWIFT_VERSION = 5.0;
				TEST_HOST = "$(BUILT_PRODUCTS_DIR)/MZBar.app/$(BUNDLE_EXECUTABLE_FOLDER_PATH)/MZBar";
			};
			name = Release;
		};
/* End XCBuildConfiguration section */

/* Begin XCConfigurationList section */
		0F4BF6472CA602C200AD34C7 /* Build configuration list for PBXProject "MZBar" */ = {
			isa = XCConfigurationList;
			buildConfigurations = (
				0F4BF6592CA602C400AD34C7 /* Debug */,
				0F4BF65A2CA602C400AD34C7 /* Release */,
			);
			defaultConfigurationIsVisible = 0;
			defaultConfigurationName = Release;
		};
		0F4BF65B2CA602C400AD34C7 /* Build configuration list for PBXNativeTarget "MZBar" */ = {
			isa = XCConfigurationList;
			buildConfigurations = (
				0F4BF65C2CA602C400AD34C7 /* Debug */,
				0F4BF65D2CA602C400AD34C7 /* Release */,
			);
			defaultConfigurationIsVisible = 0;
			defaultConfigurationName = Release;
		};
		0F7DC5302CB12BD0005F928A /* Build configuration list for PBXNativeTarget "MZBarTests2" */ = {
			isa = XCConfigurationList;
			buildConfigurations = (
				0F7DC5312CB12BD0005F928A /* Debug */,
				0F7DC5322CB12BD0005F928A /* Release */,
			);
			defaultConfigurationIsVisible = 0;
			defaultConfigurationName = Release;
		};
/* End XCConfigurationList section */

/* Begin XCRemoteSwiftPackageReference section */
		0F9593B52D09F68100F821B0 /* XCRemoteSwiftPackageReference "SQLite" */ = {
			isa = XCRemoteSwiftPackageReference;
			repositoryURL = "https://github.com/stephencelis/SQLite.swift";
			requirement = {
				kind = upToNextMajorVersion;
				minimumVersion = 0.15.3;
			};
		};
/* End XCRemoteSwiftPackageReference section */

/* Begin XCSwiftPackageProductDependency section */
		0F9593B62D09F70B00F821B0 /* SQLite */ = {
			isa = XCSwiftPackageProductDependency;
			package = 0F9593B52D09F68100F821B0 /* XCRemoteSwiftPackageReference "SQLite" */;
			productName = SQLite;
		};
/* End XCSwiftPackageProductDependency section */
	};
	rootObject = 0F4BF6442CA602C200AD34C7 /* Project object */;
}
